
Microsoft Visual Studio Solution File, Format Version 12.00
# Visual Studio Version 16
VisualStudioVersion = 16.0.809.6
MinimumVisualStudioVersion = 10.0.40219.1
Project("{FAE04EC0-301F-11D3-BF4B-00C04F79EFBC}") = "CSharpExercises", "CSharpExercises.csproj", "{3446EF3E-D8A2-4182-8254-8702FB2DB04D}"
EndProject
Global
	GlobalSection(SolutionConfigurationPlatforms) = preSolution
		Debug|Any CPU = Debug|Any CPU
		Release|Any CPU = Release|Any CPU
	EndGlobalSection
	GlobalSection(ProjectConfigurationPlatforms) = postSolution
		{3446EF3E-D8A2-4182-8254-8702FB2DB04D}.Debug|Any CPU.ActiveCfg = Debug|Any CPU
		{3446EF3E-D8A2-4182-8254-8702FB2DB04D}.Debug|Any CPU.Build.0 = Debug|Any CPU
		{3446EF3E-D8A2-4182-8254-8702FB2DB04D}.Release|Any CPU.ActiveCfg = Release|Any CPU
		{3446EF3E-D8A2-4182-8254-8702FB2DB04D}.Release|Any CPU.Build.0 = Release|Any CPU
	EndGlobalSection
	GlobalSection(SolutionProperties) = preSolution
		HideSolutionNode = FALSE
	EndGlobalSection
	GlobalSection(ExtensibilityGlobals) = postSolution
		SolutionGuid = {00DC9227-F05E-49D3-97C7-9D9EA5EC055F}
	EndGlobalSection
EndGlobal
